// !$*UTF8*$!
{
	archiveVersion = 1;
	classes = {
	};
	objectVersion = 55;
	objects = {

/* Begin PBXBuildFile section */
		0B4EB8E227C3959A0050A11D /* AppDelegate.swift in Sources */ = {isa = PBXBuildFile; fileRef = 0B4EB8E127C3959A0050A11D /* AppDelegate.swift */; };
		0B4EB8E427C3959A0050A11D /* SceneDelegate.swift in Sources */ = {isa = PBXBuildFile; fileRef = 0B4EB8E327C3959A0050A11D /* SceneDelegate.swift */; };
		0B4EB8E627C3959A0050A11D /* ViewController.swift in Sources */ = {isa = PBXBuildFile; fileRef = 0B4EB8E527C3959A0050A11D /* ViewController.swift */; };
		0B4EB8E927C3959A0050A11D /* Main.storyboard in Resources */ = {isa = PBXBuildFile; fileRef = 0B4EB8E727C3959A0050A11D /* Main.storyboard */; };
		0B4EB8EB27C3959C0050A11D /* Assets.xcassets in Resources */ = {isa = PBXBuildFile; fileRef = 0B4EB8EA27C3959C0050A11D /* Assets.xcassets */; };
		0B4EB8EE27C3959C0050A11D /* LaunchScreen.storyboard in Resources */ = {isa = PBXBuildFile; fileRef = 0B4EB8EC27C3959C0050A11D /* LaunchScreen.storyboard */; };
		0B4EB8F627C396510050A11D /* Question.swift in Sources */ = {isa = PBXBuildFile; fileRef = 0B4EB8F527C396510050A11D /* Question.swift */; };
		0B4EB8F827D25DE50050A11D /* QuizModel.swift in Sources */ = {isa = PBXBuildFile; fileRef = 0B4EB8F727D25DE50050A11D /* QuizModel.swift */; };
		0BAD8BEC27DA322800A2786B /* QuestionData.json in Resources */ = {isa = PBXBuildFile; fileRef = 0BAD8BEB27DA322800A2786B /* QuestionData.json */; };
		0BAD8BF027DE804600A2786B /* ResultViewController.swift in Sources */ = {isa = PBXBuildFile; fileRef = 0BAD8BEF27DE804600A2786B /* ResultViewController.swift */; };
		0BAD8BF227EB407400A2786B /* StateManager.swift in Sources */ = {isa = PBXBuildFile; fileRef = 0BAD8BF127EB407400A2786B /* StateManager.swift */; };
/* End PBXBuildFile section */

/* Begin PBXFileReference section */
		0B4EB8DE27C3959A0050A11D /* QuizApp.app */ = {isa = PBXFileReference; explicitFileType = wrapper.application; includeInIndex = 0; path = QuizApp.app; sourceTree = BUILT_PRODUCTS_DIR; };
		0B4EB8E127C3959A0050A11D /* AppDelegate.swift */ = {isa = PBXFileReference; lastKnownFileType = sourcecode.swift; path = AppDelegate.swift; sourceTree = "<group>"; };
		0B4EB8E327C3959A0050A11D /* SceneDelegate.swift */ = {isa = PBXFileReference; lastKnownFileType = sourcecode.swift; path = SceneDelegate.swift; sourceTree = "<group>"; };
		0B4EB8E527C3959A0050A11D /* ViewController.swift */ = {isa = PBXFileReference; lastKnownFileType = sourcecode.swift; path = ViewController.swift; sourceTree = "<group>"; };
		0B4EB8E827C3959A0050A11D /* Base */ = {isa = PBXFileReference; lastKnownFileType = file.storyboard; name = Base; path = Base.lproj/Main.storyboard; sourceTree = "<group>"; };
		0B4EB8EA27C3959C0050A11D /* Assets.xcassets */ = {isa = PBXFileReference; lastKnownFileType = folder.assetcatalog; path = Assets.xcassets; sourceTree = "<group>"; };
		0B4EB8ED27C3959C0050A11D /* Base */ = {isa = PBXFileReference; lastKnownFileType = file.storyboard; name = Base; path = Base.lproj/LaunchScreen.storyboard; sourceTree = "<group>"; };
		0B4EB8EF27C3959C0050A11D /* Info.plist */ = {isa = PBXFileReference; lastKnownFileType = text.plist.xml; path = Info.plist; sourceTree = "<group>"; };
		0B4EB8F527C396510050A11D /* Question.swift */ = {isa = PBXFileReference; lastKnownFileType = sourcecode.swift; path = Question.swift; sourceTree = "<group>"; };
		0B4EB8F727D25DE50050A11D /* QuizModel.swift */ = {isa = PBXFileReference; lastKnownFileType = sourcecode.swift; path = QuizModel.swift; sourceTree = "<group>"; };
		0BAD8BEB27DA322800A2786B /* QuestionData.json */ = {isa = PBXFileReference; fileEncoding = 4; lastKnownFileType = text.json; path = QuestionData.json; sourceTree = "<group>"; };
		0BAD8BEF27DE804600A2786B /* ResultViewController.swift */ = {isa = PBXFileReference; lastKnownFileType = sourcecode.swift; path = ResultViewController.swift; sourceTree = "<group>"; };
		0BAD8BF127EB407400A2786B /* StateManager.swift */ = {isa = PBXFileReference; lastKnownFileType = sourcecode.swift; path = StateManager.swift; sourceTree = "<group>"; };
/* End PBXFileReference section */

/* Begin PBXFrameworksBuildPhase section */
		0B4EB8DB27C3959A0050A11D /* Frameworks */ = {
			isa = PBXFrameworksBuildPhase;
			buildActionMask = 2147483647;
			files = (
			);
			runOnlyForDeploymentPostprocessing = 0;
		};
/* End PBXFrameworksBuildPhase section */

/* Begin PBXGroup section */
		0B4EB8D527C3959A0050A11D = {
			isa = PBXGroup;
			children = (
				0B4EB8E027C3959A0050A11D /* QuizApp */,
				0B4EB8DF27C3959A0050A11D /* Products */,
			);
			sourceTree = "<group>";
		};
		0B4EB8DF27C3959A0050A11D /* Products */ = {
			isa = PBXGroup;
			children = (
				0B4EB8DE27C3959A0050A11D /* QuizApp.app */,
			);
			name = Products;
			sourceTree = "<group>";
		};
		0B4EB8E027C3959A0050A11D /* QuizApp */ = {
			isa = PBXGroup;
			children = (
				0B4EB8E127C3959A0050A11D /* AppDelegate.swift */,
				0B4EB8E327C3959A0050A11D /* SceneDelegate.swift */,
				0B4EB8E527C3959A0050A11D /* ViewController.swift */,
				0BAD8BEF27DE804600A2786B /* ResultViewController.swift */,
				0BAD8BF127EB407400A2786B /* StateManager.swift */,
				0B4EB8F727D25DE50050A11D /* QuizModel.swift */,
				0B4EB8F527C396510050A11D /* Question.swift */,
				0BAD8BEB27DA322800A2786B /* QuestionData.json */,
				0B4EB8E727C3959A0050A11D /* Main.storyboard */,
				0B4EB8EA27C3959C0050A11D /* Assets.xcassets */,
				0B4EB8EC27C3959C0050A11D /* LaunchScreen.storyboard */,
				0B4EB8EF27C3959C0050A11D /* Info.plist */,
			);
			path = QuizApp;
			sourceTree = "<group>";
		};
/* End PBXGroup section */

/* Begin PBXNativeTarget section */
		0B4EB8DD27C3959A0050A11D /* QuizApp */ = {
			isa = PBXNativeTarget;
			buildConfigurationList = 0B4EB8F227C3959C0050A11D /* Build configuration list for PBXNativeTarget "QuizApp" */;
			buildPhases = (
				0B4EB8DA27C3959A0050A11D /* Sources */,
				0B4EB8DB27C3959A0050A11D /* Frameworks */,
				0B4EB8DC27C3959A0050A11D /* Resources */,
			);
			buildRules = (
			);
			dependencies = (
			);
			name = QuizApp;
			productName = QuizApp;
			productReference = 0B4EB8DE27C3959A0050A11D /* QuizApp.app */;
			productType = "com.apple.product-type.application";
		};
/* End PBXNativeTarget section */

/* Begin PBXProject section */
		0B4EB8D627C3959A0050A11D /* Project object */ = {
			isa = PBXProject;
			attributes = {
				BuildIndependentTargetsInParallel = 1;
				LastSwiftUpdateCheck = 1320;
				LastUpgradeCheck = 1320;
				TargetAttributes = {
					0B4EB8DD27C3959A0050A11D = {
						CreatedOnToolsVersion = 13.2.1;
					};
				};
			};
			buildConfigurationList = 0B4EB8D927C3959A0050A11D /* Build configuration list for PBXProject "QuizApp" */;
			compatibilityVersion = "Xcode 13.0";
			developmentRegion = en;
			hasScannedForEncodings = 0;
			knownRegions = (
				en,
				Base,
			);
			mainGroup = 0B4EB8D527C3959A0050A11D;
			productRefGroup = 0B4EB8DF27C3959A0050A11D /* Products */;
			projectDirPath = "";
			projectRoot = "";
			targets = (
				0B4EB8DD27C3959A0050A11D /* QuizApp */,
			);
		};
/* End PBXProject section */

/* Begin PBXResourcesBuildPhase section */
		0B4EB8DC27C3959A0050A11D /* Resources */ = {
			isa = PBXResourcesBuildPhase;
			buildActionMask = 2147483647;
			files = (
				0B4EB8EE27C3959C0050A11D /* LaunchScreen.storyboard in Resources */,
				0B4EB8EB27C3959C0050A11D /* Assets.xcassets in Resources */,
				0B4EB8E927C3959A0050A11D /* Main.storyboard in Resources */,
				0BAD8BEC27DA322800A2786B /* QuestionData.json in Resources */,
			);
			runOnlyForDeploymentPostprocessing = 0;
		};
/* End PBXResourcesBuildPhase section */

/* Begin PBXSourcesBuildPhase section */
		0B4EB8DA27C3959A0050A11D /* Sources */ = {
			isa = PBXSourcesBuildPhase;
			buildActionMask = 2147483647;
			files = (
				0B4EB8E627C3959A0050A11D /* ViewController.swift in Sources */,
				0B4EB8F627C396510050A11D /* Question.swift in Sources */,
				0B4EB8E227C3959A0050A11D /* AppDelegate.swift in Sources */,
				0BAD8BF227EB407400A2786B /* StateManager.swift in Sources */,
				0B4EB8E427C3959A0050A11D /* SceneDelegate.swift in Sources */,
				0B4EB8F827D25DE50050A11D /* QuizModel.swift in Sources */,
				0BAD8BF027DE804600A2786B /* ResultViewController.swift in Sources */,
			);
			runOnlyForDeploymentPostprocessing = 0;
		};
/* End PBXSourcesBuildPhase section */

/* Begin PBXVariantGroup section */
		0B4EB8E727C3959A0050A11D /* Main.storyboard */ = {
			isa = PBXVariantGroup;
			children = (
				0B4EB8E827C3959A0050A11D /* Base */,
			);
			name = Main.storyboard;
			sourceTree = "<group>";
		};
		0B4EB8EC27C3959C0050A11D /* LaunchScreen.storyboard */ = {
			isa = PBXVariantGroup;
			children = (
				0B4EB8ED27C3959C0050A11D /* Base */,
			);
			name = LaunchScreen.storyboard;
			sourceTree = "<group>";
		};
/* End PBXVariantGroup section */

/* Begin XCBuildConfiguration section */
		0B4EB8F027C3959C0050A11D /* Debug */ = {
			isa = XCBuildConfiguration;
			buildSettings = {
				ALWAYS_SEARCH_USER_PATHS = NO;
				CLANG_ANALYZER_NONNULL = YES;
				CLANG_ANALYZER_NUMBER_OBJECT_CONVERSION = YES_AGGRESSIVE;
				CLANG_CXX_LANGUAGE_STANDARD = "gnu++17";
				CLANG_CXX_LIBRARY = "libc++";
				CLANG_ENABLE_MODULES = YES;
				CLANG_ENABLE_OBJC_ARC = YES;
				CLANG_ENABLE_OBJC_WEAK = YES;
				CLANG_WARN_BLOCK_CAPTURE_AUTORELEASING = YES;
				CLANG_WARN_BOOL_CONVERSION = YES;
				CLANG_WARN_COMMA = YES;
				CLANG_WARN_CONSTANT_CONVERSION = YES;
				CLANG_WARN_DEPRECATED_OBJC_IMPLEMENTATIONS = YES;
				CLANG_WARN_DIRECT_OBJC_ISA_USAGE = YES_ERROR;
				CLANG_WARN_DOCUMENTATION_COMMENTS = YES;
				CLANG_WARN_EMPTY_BODY = YES;
				CLANG_WARN_ENUM_CONVERSION = YES;
				CLANG_WARN_INFINITE_RECURSION = YES;
				CLANG_WARN_INT_CONVERSION = YES;
				CLANG_WARN_NON_LITERAL_NULL_CONVERSION = YES;
				CLANG_WARN_OBJC_IMPLICIT_RETAIN_SELF = YES;
				CLANG_WARN_OBJC_LITERAL_CONVERSION = YES;
				CLANG_WARN_OBJC_ROOT_CLASS = YES_ERROR;
				CLANG_WARN_QUOTED_INCLUDE_IN_FRAMEWORK_HEADER = YES;
				CLANG_WARN_RANGE_LOOP_ANALYSIS = YES;
				CLANG_WARN_STRICT_PROTOTYPES = YES;
				CLANG_WARN_SUSPICIOUS_MOVE = YES;
				CLANG_WARN_UNGUARDED_AVAILABILITY = YES_AGGRESSIVE;
				CLANG_WARN_UNREACHABLE_CODE = YES;
				CLANG_WARN__DUPLICATE_METHOD_MATCH = YES;
				COPY_PHASE_STRIP = NO;
				DEBUG_INFORMATION_FORMAT = dwarf;
				ENABLE_STRICT_OBJC_MSGSEND = YES;
				ENABLE_TESTABILITY = YES;
				GCC_C_LANGUAGE_STANDARD = gnu11;
				GCC_DYNAMIC_NO_PIC = NO;
				GCC_NO_COMMON_BLOCKS = YES;
				GCC_OPTIMIZATION_LEVEL = 0;
				GCC_PREPROCESSOR_DEFINITIONS = (
					"DEBUG=1",
					"$(inherited)",
				);
				GCC_WARN_64_TO_32_BIT_CONVERSION = YES;
				GCC_WARN_ABOUT_RETURN_TYPE = YES_ERROR;
				GCC_WARN_UNDECLARED_SELECTOR = YES;
				GCC_WARN_UNINITIALIZED_AUTOS = YES_AGGRESSIVE;
				GCC_WARN_UNUSED_FUNCTION = YES;
				GCC_WARN_UNUSED_VARIABLE = YES;
				IPHONEOS_DEPLOYMENT_TARGET = 15.2;
				MTL_ENABLE_DEBUG_INFO = INCLUDE_SOURCE;
				MTL_FAST_MATH = YES;
				ONLY_ACTIVE_ARCH = YES;
				SDKROOT = iphoneos;
				SWIFT_ACTIVE_COMPILATION_CONDITIONS = DEBUG;
				SWIFT_OPTIMIZATION_LEVEL = "-Onone";
			};
			name = Debug;
		};
		0B4EB8F127C3959C0050A11D /* Release */ = {
			isa = XCBuildConfiguration;
			buildSettings = {
				ALWAYS_SEARCH_USER_PATHS = NO;
				CLANG_ANALYZER_NONNULL = YES;
				CLANG_ANALYZER_NUMBER_OBJECT_CONVERSION = YES_AGGRESSIVE;
				CLANG_CXX_LANGUAGE_STANDARD = "gnu++17";
				CLANG_CXX_LIBRARY = "libc++";
				CLANG_ENABLE_MODULES = YES;
				CLANG_ENABLE_OBJC_ARC = YES;
				CLANG_ENABLE_OBJC_WEAK = YES;
				CLANG_WARN_BLOCK_CAPTURE_AUTORELEASING = YES;
				CLANG_WARN_BOOL_CONVERSION = YES;
				CLANG_WARN_COMMA = YES;
				CLANG_WARN_CONSTANT_CONVERSION = YES;
				CLANG_WARN_DEPRECATED_OBJC_IMPLEMENTATIONS = YES;
				CLANG_WARN_DIRECT_OBJC_ISA_USAGE = YES_ERROR;
				CLANG_WARN_DOCUMENTATION_COMMENTS = YES;
				CLANG_WARN_EMPTY_BODY = YES;
				CLANG_WARN_ENUM_CONVERSION = YES;
				CLANG_WARN_INFINITE_RECURSION = YES;
				CLANG_WARN_INT_CONVERSION = YES;
				CLANG_WARN_NON_LITERAL_NULL_CONVERSION = YES;
				CLANG_WARN_OBJC_IMPLICIT_RETAIN_SELF = YES;
				CLANG_WARN_OBJC_LITERAL_CONVERSION = YES;
				CLANG_WARN_OBJC_ROOT_CLASS = YES_ERROR;
				CLANG_WARN_QUOTED_INCLUDE_IN_FRAMEWORK_HEADER = YES;
				CLANG_WARN_RANGE_LOOP_ANALYSIS = YES;
				CLANG_WARN_STRICT_PROTOTYPES = YES;
				CLANG_WARN_SUSPICIOUS_MOVE = YES;
				CLANG_WARN_UNGUARDED_AVAILABILITY = YES_AGGRESSIVE;
				CLANG_WARN_UNREACHABLE_CODE = YES;
				CLANG_WARN__DUPLICATE_METHOD_MATCH = YES;
				COPY_PHASE_STRIP = NO;
				DEBUG_INFORMATION_FORMAT = "dwarf-with-dsym";
				ENABLE_NS_ASSERTIONS = NO;
				ENABLE_STRICT_OBJC_MSGSEND = YES;
				GCC_C_LANGUAGE_STANDARD = gnu11;
				GCC_NO_COMMON_BLOCKS = YES;
				GCC_WARN_64_TO_32_BIT_CONVERSION = YES;
				GCC_WARN_ABOUT_RETURN_TYPE = YES_ERROR;
				GCC_WARN_UNDECLARED_SELECTOR = YES;
				GCC_WARN_UNINITIALIZED_AUTOS = YES_AGGRESSIVE;
				GCC_WARN_UNUSED_FUNCTION = YES;
				GCC_WARN_UNUSED_VARIABLE = YES;
				IPHONEOS_DEPLOYMENT_TARGET = 15.2;
				MTL_ENABLE_DEBUG_INFO = NO;
				MTL_FAST_MATH = YES;
				SDKROOT = iphoneos;
				SWIFT_COMPILATION_MODE = wholemodule;
				SWIFT_OPTIMIZATION_LEVEL = "-O";
				VALIDATE_PRODUCT = YES;
			};
			name = Release;
		};
		0B4EB8F327C3959C0050A11D /* Debug */ = {
			isa = XCBuildConfiguration;
			buildSettings = {
				ASSETCATALOG_COMPILER_APPICON_NAME = AppIcon;
				ASSETCATALOG_COMPILER_GLOBAL_ACCENT_COLOR_NAME = AccentColor;
				CODE_SIGN_STYLE = Automatic;
				CURRENT_PROJECT_VERSION = 1;
				DEVELOPMENT_TEAM = GPPP47UYG3;
				GENERATE_INFOPLIST_FILE = YES;
				INFOPLIST_FILE = QuizApp/Info.plist;
				INFOPLIST_KEY_UIApplicationSupportsIndirectInputEvents = YES;
				INFOPLIST_KEY_UILaunchStoryboardName = LaunchScreen;
				INFOPLIST_KEY_UIMainStoryboardFile = Main;
				INFOPLIST_KEY_UISupportedInterfaceOrientations_iPad = "UIInterfaceOrientationPortrait UIInterfaceOrientationPortraitUpsideDown UIInterfaceOrientationLandscapeLeft UIInterfaceOrientationLandscapeRight";
				INFOPLIST_KEY_UISupportedInterfaceOrientations_iPhone = "UIInterfaceOrientationPortrait UIInterfaceOrientationLandscapeLeft UIInterfaceOrientationLandscapeRight";
				LD_RUNPATH_SEARCH_PATHS = (
					"$(inherited)",
					"@executable_path/Frameworks",
				);
				MARKETING_VERSION = 1.0;
				PRODUCT_BUNDLE_IDENTIFIER = havvk01.QuizApp;
				PRODUCT_NAME = "$(TARGET_NAME)";
				SWIFT_EMIT_LOC_STRINGS = YES;
				SWIFT_VERSION = 5.0;
				TARGETED_DEVICE_FAMILY = "1,2";
			};
			name = Debug;
		};
		0B4EB8F427C3959C0050A11D /* Release */ = {
			isa = XCBuildConfiguration;
			buildSettings = {
				ASSETCATALOG_COMPILER_APPICON_NAME = AppIcon;
				ASSETCATALOG_COMPILER_GLOBAL_ACCENT_COLOR_NAME = AccentColor;
				CODE_SIGN_STYLE = Automatic;
				CURRENT_PROJECT_VERSION = 1;
				DEVELOPMENT_TEAM = GPPP47UYG3;
				GENERATE_INFOPLIST_FILE = YES;
				INFOPLIST_FILE = QuizApp/Info.plist;
				INFOPLIST_KEY_UIApplicationSupportsIndirectInputEvents = YES;
				INFOPLIST_KEY_UILaunchStoryboardName = LaunchScreen;
				INFOPLIST_KEY_UIMainStoryboardFile = Main;
				INFOPLIST_KEY_UISupportedInterfaceOrientations_iPad = "UIInterfaceOrientationPortrait UIInterfaceOrientationPortraitUpsideDown UIInterfaceOrientationLandscapeLeft UIInterfaceOrientationLandscapeRight";
				INFOPLIST_KEY_UISupportedInterfaceOrientations_iPhone = "UIInterfaceOrientationPortrait UIInterfaceOrientationLandscapeLeft UIInterfaceOrientationLandscapeRight";
				LD_RUNPATH_SEARCH_PATHS = (
					"$(inherited)",
					"@executable_path/Frameworks",
				);
				MARKETING_VERSION = 1.0;
				PRODUCT_BUNDLE_IDENTIFIER = havvk01.QuizApp;
				PRODUCT_NAME = "$(TARGET_NAME)";
				SWIFT_EMIT_LOC_STRINGS = YES;
				SWIFT_VERSION = 5.0;
				TARGETED_DEVICE_FAMILY = "1,2";
			};
			name = Release;
		};
/* End XCBuildConfiguration section */

/* Begin XCConfigurationList section */
		0B4EB8D927C3959A0050A11D /* Build configuration list for PBXProject "QuizApp" */ = {
			isa = XCConfigurationList;
			buildConfigurations = (
				0B4EB8F027C3959C0050A11D /* Debug */,
				0B4EB8F127C3959C0050A11D /* Release */,
			);
			defaultConfigurationIsVisible = 0;
			defaultConfigurationName = Release;
		};
		0B4EB8F227C3959C0050A11D /* Build configuration list for PBXNativeTarget "QuizApp" */ = {
			isa = XCConfigurationList;
			buildConfigurations = (
				0B4EB8F327C3959C0050A11D /* Debug */,
				0B4EB8F427C3959C0050A11D /* Release */,
			);
			defaultConfigurationIsVisible = 0;
			defaultConfigurationName = Release;
		};
/* End XCConfigurationList section */
	};
	rootObject = 0B4EB8D627C3959A0050A11D /* Project object */;
}
